
Microsoft Visual Studio Solution File, Format Version 12.00
# Visual Studio Version 17
VisualStudioVersion = 17.7.34031.279
MinimumVisualStudioVersion = 10.0.40219.1
Project("{FAE04EC0-301F-11D3-BF4B-00C04F79EFBC}") = "doApp", "doApp\doApp.csproj", "{0A561224-101E-41EF-B83E-6FE8C844A0FB}"
EndProject
Global
	GlobalSection(SolutionConfigurationPlatforms) = preSolution
		Debug|Any CPU = Debug|Any CPU
		Release|Any CPU = Release|Any CPU
	EndGlobalSection
	GlobalSection(ProjectConfigurationPlatforms) = postSolution
		{0A561224-101E-41EF-B83E-6FE8C844A0FB}.Debug|Any CPU.ActiveCfg = Debug|Any CPU
		{0A561224-101E-41EF-B83E-6FE8C844A0FB}.Debug|Any CPU.Build.0 = Debug|Any CPU
		{0A561224-101E-41EF-B83E-6FE8C844A0FB}.Release|Any CPU.ActiveCfg = Release|Any CPU
		{0A561224-101E-41EF-B83E-6FE8C844A0FB}.Release|Any CPU.Build.0 = Release|Any CPU
	EndGlobalSection
	GlobalSection(SolutionProperties) = preSolution
		HideSolutionNode = FALSE
	EndGlobalSection
	GlobalSection(ExtensibilityGlobals) = postSolution
		SolutionGuid = {4EA7CA9F-C0B7-4EB6-9BA0-8F5FAFA36320}
	EndGlobalSection
EndGlobal
